
Microsoft Visual Studio Solution File, Format Version 12.00
# Visual Studio 2013
VisualStudioVersion = 12.0.21005.1
MinimumVisualStudioVersion = 10.0.40219.1
Project("{FAE04EC0-301F-11D3-BF4B-00C04F79EFBC}") = "MF0493_e3", "MF0493_e3\MF0493_e3.csproj", "{B39BB50A-0D40-4825-B7B2-A3A71040DA3D}"
EndProject
Project("{FAE04EC0-301F-11D3-BF4B-00C04F79EFBC}") = "Pruebas", "Pruebas\Pruebas.csproj", "{2B46CDA5-78D7-4588-AD11-707D42ABB446}"
EndProject
Global
	GlobalSection(SolutionConfigurationPlatforms) = preSolution
		Debug|Any CPU = Debug|Any CPU
		Release|Any CPU = Release|Any CPU
	EndGlobalSection
	GlobalSection(ProjectConfigurationPlatforms) = postSolution
		{B39BB50A-0D40-4825-B7B2-A3A71040DA3D}.Debug|Any CPU.ActiveCfg = Debug|Any CPU
		{B39BB50A-0D40-4825-B7B2-A3A71040DA3D}.Debug|Any CPU.Build.0 = Debug|Any CPU
		{B39BB50A-0D40-4825-B7B2-A3A71040DA3D}.Release|Any CPU.ActiveCfg = Release|Any CPU
		{B39BB50A-0D40-4825-B7B2-A3A71040DA3D}.Release|Any CPU.Build.0 = Release|Any CPU
		{2B46CDA5-78D7-4588-AD11-707D42ABB446}.Debug|Any CPU.ActiveCfg = Debug|Any CPU
		{2B46CDA5-78D7-4588-AD11-707D42ABB446}.Debug|Any CPU.Build.0 = Debug|Any CPU
		{2B46CDA5-78D7-4588-AD11-707D42ABB446}.Release|Any CPU.ActiveCfg = Release|Any CPU
		{2B46CDA5-78D7-4588-AD11-707D42ABB446}.Release|Any CPU.Build.0 = Release|Any CPU
	EndGlobalSection
	GlobalSection(SolutionProperties) = preSolution
		HideSolutionNode = FALSE
	EndGlobalSection
EndGlobal
